
Microsoft Visual Studio Solution File, Format Version 12.00
# Visual Studio Version 17
VisualStudioVersion = 17.13.35825.156
MinimumVisualStudioVersion = 10.0.40219.1
Project("{FAE04EC0-301F-11D3-BF4B-00C04F79EFBC}") = "Asp.Net Core 8.0 SadıkTuran", "Asp.Net Core 8.0 SadıkTuran\Asp.Net Core 8.0 SadıkTuran.csproj", "{0BA4A51F-8C77-4ECE-A916-FFA184CF6E7C}"
EndProject
Project("{FAE04EC0-301F-11D3-BF4B-00C04F79EFBC}") = "MeetingApp", "MeetingApp\MeetingApp.csproj", "{B5BB8AAD-E31F-4849-8384-DCDF7B1D5EC5}"
EndProject
Project("{FAE04EC0-301F-11D3-BF4B-00C04F79EFBC}") = "FormAppProduct", "FormAppProduct\FormAppProduct.csproj", "{2AB75F82-D4B1-4D64-AB90-2165FBAFCF93}"
EndProject
Project("{FAE04EC0-301F-11D3-BF4B-00C04F79EFBC}") = "EfCoreApp", "EfCoreApp\EfCoreApp.csproj", "{F75B4C3B-D6C7-41BD-91CF-DB2D35AB6CA5}"
EndProject
Project("{FAE04EC0-301F-11D3-BF4B-00C04F79EFBC}") = "BlogApp", "BlogApp\BlogApp.csproj", "{F4CED4C5-EB7E-47D6-A73B-5BD230AE9681}"
EndProject
Project("{FAE04EC0-301F-11D3-BF4B-00C04F79EFBC}") = "IdentityApp", "IdentityApp\IdentityApp.csproj", "{0D7CDCBC-65AC-41C3-A243-6B9ECC568690}"
EndProject
Project("{FAE04EC0-301F-11D3-BF4B-00C04F79EFBC}") = "ProductsAPI", "ProductsAPI\ProductsAPI.csproj", "{46657CB1-FAA7-4BB2-BDD5-88DF3948249A}"
EndProject
Global
	GlobalSection(SolutionConfigurationPlatforms) = preSolution
		Debug|Any CPU = Debug|Any CPU
		Release|Any CPU = Release|Any CPU
	EndGlobalSection
	GlobalSection(ProjectConfigurationPlatforms) = postSolution
		{0BA4A51F-8C77-4ECE-A916-FFA184CF6E7C}.Debug|Any CPU.ActiveCfg = Debug|Any CPU
		{0BA4A51F-8C77-4ECE-A916-FFA184CF6E7C}.Debug|Any CPU.Build.0 = Debug|Any CPU
		{0BA4A51F-8C77-4ECE-A916-FFA184CF6E7C}.Release|Any CPU.ActiveCfg = Release|Any CPU
		{0BA4A51F-8C77-4ECE-A916-FFA184CF6E7C}.Release|Any CPU.Build.0 = Release|Any CPU
		{B5BB8AAD-E31F-4849-8384-DCDF7B1D5EC5}.Debug|Any CPU.ActiveCfg = Debug|Any CPU
		{B5BB8AAD-E31F-4849-8384-DCDF7B1D5EC5}.Debug|Any CPU.Build.0 = Debug|Any CPU
		{B5BB8AAD-E31F-4849-8384-DCDF7B1D5EC5}.Release|Any CPU.ActiveCfg = Release|Any CPU
		{B5BB8AAD-E31F-4849-8384-DCDF7B1D5EC5}.Release|Any CPU.Build.0 = Release|Any CPU
		{2AB75F82-D4B1-4D64-AB90-2165FBAFCF93}.Debug|Any CPU.ActiveCfg = Debug|Any CPU
		{2AB75F82-D4B1-4D64-AB90-2165FBAFCF93}.Debug|Any CPU.Build.0 = Debug|Any CPU
		{2AB75F82-D4B1-4D64-AB90-2165FBAFCF93}.Release|Any CPU.ActiveCfg = Release|Any CPU
		{2AB75F82-D4B1-4D64-AB90-2165FBAFCF93}.Release|Any CPU.Build.0 = Release|Any CPU
		{F75B4C3B-D6C7-41BD-91CF-DB2D35AB6CA5}.Debug|Any CPU.ActiveCfg = Debug|Any CPU
		{F75B4C3B-D6C7-41BD-91CF-DB2D35AB6CA5}.Debug|Any CPU.Build.0 = Debug|Any CPU
		{F75B4C3B-D6C7-41BD-91CF-DB2D35AB6CA5}.Release|Any CPU.ActiveCfg = Release|Any CPU
		{F75B4C3B-D6C7-41BD-91CF-DB2D35AB6CA5}.Release|Any CPU.Build.0 = Release|Any CPU
		{F4CED4C5-EB7E-47D6-A73B-5BD230AE9681}.Debug|Any CPU.ActiveCfg = Debug|Any CPU
		{F4CED4C5-EB7E-47D6-A73B-5BD230AE9681}.Debug|Any CPU.Build.0 = Debug|Any CPU
		{F4CED4C5-EB7E-47D6-A73B-5BD230AE9681}.Release|Any CPU.ActiveCfg = Release|Any CPU
		{F4CED4C5-EB7E-47D6-A73B-5BD230AE9681}.Release|Any CPU.Build.0 = Release|Any CPU
		{0D7CDCBC-65AC-41C3-A243-6B9ECC568690}.Debug|Any CPU.ActiveCfg = Debug|Any CPU
		{0D7CDCBC-65AC-41C3-A243-6B9ECC568690}.Debug|Any CPU.Build.0 = Debug|Any CPU
		{0D7CDCBC-65AC-41C3-A243-6B9ECC568690}.Release|Any CPU.ActiveCfg = Release|Any CPU
		{0D7CDCBC-65AC-41C3-A243-6B9ECC568690}.Release|Any CPU.Build.0 = Release|Any CPU
		{46657CB1-FAA7-4BB2-BDD5-88DF3948249A}.Debug|Any CPU.ActiveCfg = Debug|Any CPU
		{46657CB1-FAA7-4BB2-BDD5-88DF3948249A}.Debug|Any CPU.Build.0 = Debug|Any CPU
		{46657CB1-FAA7-4BB2-BDD5-88DF3948249A}.Release|Any CPU.ActiveCfg = Release|Any CPU
		{46657CB1-FAA7-4BB2-BDD5-88DF3948249A}.Release|Any CPU.Build.0 = Release|Any CPU
	EndGlobalSection
	GlobalSection(SolutionProperties) = preSolution
		HideSolutionNode = FALSE
	EndGlobalSection
	GlobalSection(ExtensibilityGlobals) = postSolution
		SolutionGuid = {EAE2FC9D-962B-4A03-B952-39E8BACBD558}
	EndGlobalSection
EndGlobal
